
Microsoft Visual Studio Solution File, Format Version 12.00
# Visual Studio 15
VisualStudioVersion = 15.0.28307.779
MinimumVisualStudioVersion = 10.0.40219.1
Project("{F184B08F-C81C-45F6-A57F-5ABD9991F28F}") = "Anim_Writer", "Anim_Writer\Anim_Writer.vbproj", "{EAC37BF0-4C7A-41F7-86EC-58C83CD4A755}"
EndProject
Global
	GlobalSection(SolutionConfigurationPlatforms) = preSolution
		Debug|Any CPU = Debug|Any CPU
		Release|Any CPU = Release|Any CPU
	EndGlobalSection
	GlobalSection(ProjectConfigurationPlatforms) = postSolution
		{EAC37BF0-4C7A-41F7-86EC-58C83CD4A755}.Debug|Any CPU.ActiveCfg = Debug|Any CPU
		{EAC37BF0-4C7A-41F7-86EC-58C83CD4A755}.Debug|Any CPU.Build.0 = Debug|Any CPU
		{EAC37BF0-4C7A-41F7-86EC-58C83CD4A755}.Release|Any CPU.ActiveCfg = Release|Any CPU
		{EAC37BF0-4C7A-41F7-86EC-58C83CD4A755}.Release|Any CPU.Build.0 = Release|Any CPU
	EndGlobalSection
	GlobalSection(SolutionProperties) = preSolution
		HideSolutionNode = FALSE
	EndGlobalSection
	GlobalSection(ExtensibilityGlobals) = postSolution
		SolutionGuid = {85245EB6-04C4-4818-8ECD-87A6FE9E8689}
	EndGlobalSection
EndGlobal
